// !$*UTF8*$!
{
	archiveVersion = 1;
	classes = {
	};
	objectVersion = 46;
	objects = {

/* Begin PBXBuildFile section */
		4A134E5C1E8A7DF300AC189A /* Practice.cpp in Sources */ = {isa = PBXBuildFile; fileRef = 4A134E5B1E8A7DF300AC189A /* Practice.cpp */; };
		4A1DF48F1E8527DB00961D51 /* BinaryInsertSort.cpp in Sources */ = {isa = PBXBuildFile; fileRef = 4A1DF48E1E8527DB00961D51 /* BinaryInsertSort.cpp */; };
		4A1DF4911E85354E00961D51 /* ShellSort.cpp in Sources */ = {isa = PBXBuildFile; fileRef = 4A1DF4901E85354E00961D51 /* ShellSort.cpp */; };
		4A1DF4931E8559FD00961D51 /* BubbleSort.cpp in Sources */ = {isa = PBXBuildFile; fileRef = 4A1DF4921E8559FD00961D51 /* BubbleSort.cpp */; };
		4A1DF4951E855BBD00961D51 /* QuickSort.cpp in Sources */ = {isa = PBXBuildFile; fileRef = 4A1DF4941E855BBD00961D51 /* QuickSort.cpp */; };
		4A1DF4971E855FC300961D51 /* SelectSort.cpp in Sources */ = {isa = PBXBuildFile; fileRef = 4A1DF4961E855FC300961D51 /* SelectSort.cpp */; };
		4A1DF4991E85EFDE00961D51 /* HeapSort.cpp in Sources */ = {isa = PBXBuildFile; fileRef = 4A1DF4981E85EFDE00961D51 /* HeapSort.cpp */; };
		4A1DF49B1E85FF5000961D51 /* MergeSort.cpp in Sources */ = {isa = PBXBuildFile; fileRef = 4A1DF49A1E85FF5000961D51 /* MergeSort.cpp */; };
		4AE1DBC11E8520CF005A9C85 /* main.cpp in Sources */ = {isa = PBXBuildFile; fileRef = 4AE1DBC01E8520CF005A9C85 /* main.cpp */; };
		4AE1DBC81E8520DF005A9C85 /* InsertSort.cpp in Sources */ = {isa = PBXBuildFile; fileRef = 4AE1DBC71E8520DF005A9C85 /* InsertSort.cpp */; };
/* End PBXBuildFile section */

/* Begin PBXCopyFilesBuildPhase section */
		4AE1DBBB1E8520CF005A9C85 /* CopyFiles */ = {
			isa = PBXCopyFilesBuildPhase;
			buildActionMask = 2147483647;
			dstPath = /usr/share/man/man1/;
			dstSubfolderSpec = 0;
			files = (
			);
			runOnlyForDeploymentPostprocessing = 1;
		};
/* End PBXCopyFilesBuildPhase section */

/* Begin PBXFileReference section */
		4A134E5B1E8A7DF300AC189A /* Practice.cpp */ = {isa = PBXFileReference; fileEncoding = 4; lastKnownFileType = sourcecode.cpp.cpp; path = Practice.cpp; sourceTree = "<group>"; };
		4A1DF48E1E8527DB00961D51 /* BinaryInsertSort.cpp */ = {isa = PBXFileReference; fileEncoding = 4; lastKnownFileType = sourcecode.cpp.cpp; path = BinaryInsertSort.cpp; sourceTree = "<group>"; };
		4A1DF4901E85354E00961D51 /* ShellSort.cpp */ = {isa = PBXFileReference; fileEncoding = 4; lastKnownFileType = sourcecode.cpp.cpp; path = ShellSort.cpp; sourceTree = "<group>"; };
		4A1DF4921E8559FD00961D51 /* BubbleSort.cpp */ = {isa = PBXFileReference; fileEncoding = 4; lastKnownFileType = sourcecode.cpp.cpp; path = BubbleSort.cpp; sourceTree = "<group>"; };
		4A1DF4941E855BBD00961D51 /* QuickSort.cpp */ = {isa = PBXFileReference; fileEncoding = 4; lastKnownFileType = sourcecode.cpp.cpp; path = QuickSort.cpp; sourceTree = "<group>"; };
		4A1DF4961E855FC300961D51 /* SelectSort.cpp */ = {isa = PBXFileReference; fileEncoding = 4; lastKnownFileType = sourcecode.cpp.cpp; path = SelectSort.cpp; sourceTree = "<group>"; };
		4A1DF4981E85EFDE00961D51 /* HeapSort.cpp */ = {isa = PBXFileReference; fileEncoding = 4; lastKnownFileType = sourcecode.cpp.cpp; path = HeapSort.cpp; sourceTree = "<group>"; };
		4A1DF49A1E85FF5000961D51 /* MergeSort.cpp */ = {isa = PBXFileReference; fileEncoding = 4; lastKnownFileType = sourcecode.cpp.cpp; path = MergeSort.cpp; sourceTree = "<group>"; };
		4AE1DBBD1E8520CF005A9C85 /* Sort */ = {isa = PBXFileReference; explicitFileType = "compiled.mach-o.executable"; includeInIndex = 0; path = Sort; sourceTree = BUILT_PRODUCTS_DIR; };
		4AE1DBC01E8520CF005A9C85 /* main.cpp */ = {isa = PBXFileReference; lastKnownFileType = sourcecode.cpp.cpp; path = main.cpp; sourceTree = "<group>"; };
		4AE1DBC71E8520DF005A9C85 /* InsertSort.cpp */ = {isa = PBXFileReference; fileEncoding = 4; lastKnownFileType = sourcecode.cpp.cpp; path = InsertSort.cpp; sourceTree = "<group>"; };
/* End PBXFileReference section */

/* Begin PBXFrameworksBuildPhase section */
		4AE1DBBA1E8520CF005A9C85 /* Frameworks */ = {
			isa = PBXFrameworksBuildPhase;
			buildActionMask = 2147483647;
			files = (
			);
			runOnlyForDeploymentPostprocessing = 0;
		};
/* End PBXFrameworksBuildPhase section */

/* Begin PBXGroup section */
		4AE1DBB41E8520CF005A9C85 = {
			isa = PBXGroup;
			children = (
				4AE1DBBF1E8520CF005A9C85 /* Sort */,
				4AE1DBBE1E8520CF005A9C85 /* Products */,
			);
			sourceTree = "<group>";
		};
		4AE1DBBE1E8520CF005A9C85 /* Products */ = {
			isa = PBXGroup;
			children = (
				4AE1DBBD1E8520CF005A9C85 /* Sort */,
			);
			name = Products;
			sourceTree = "<group>";
		};
		4AE1DBBF1E8520CF005A9C85 /* Sort */ = {
			isa = PBXGroup;
			children = (
				4AE1DBC01E8520CF005A9C85 /* main.cpp */,
				4AE1DBC71E8520DF005A9C85 /* InsertSort.cpp */,
				4A1DF48E1E8527DB00961D51 /* BinaryInsertSort.cpp */,
				4A1DF4901E85354E00961D51 /* ShellSort.cpp */,
				4A1DF4921E8559FD00961D51 /* BubbleSort.cpp */,
				4A1DF4941E855BBD00961D51 /* QuickSort.cpp */,
				4A1DF4961E855FC300961D51 /* SelectSort.cpp */,
				4A1DF4981E85EFDE00961D51 /* HeapSort.cpp */,
				4A1DF49A1E85FF5000961D51 /* MergeSort.cpp */,
				4A134E5B1E8A7DF300AC189A /* Practice.cpp */,
			);
			path = Sort;
			sourceTree = "<group>";
		};
/* End PBXGroup section */

/* Begin PBXNativeTarget section */
		4AE1DBBC1E8520CF005A9C85 /* Sort */ = {
			isa = PBXNativeTarget;
			buildConfigurationList = 4AE1DBC41E8520CF005A9C85 /* Build configuration list for PBXNativeTarget "Sort" */;
			buildPhases = (
				4AE1DBB91E8520CF005A9C85 /* Sources */,
				4AE1DBBA1E8520CF005A9C85 /* Frameworks */,
				4AE1DBBB1E8520CF005A9C85 /* CopyFiles */,
			);
			buildRules = (
			);
			dependencies = (
			);
			name = Sort;
			productName = Sort;
			productReference = 4AE1DBBD1E8520CF005A9C85 /* Sort */;
			productType = "com.apple.product-type.tool";
		};
/* End PBXNativeTarget section */

/* Begin PBXProject section */
		4AE1DBB51E8520CF005A9C85 /* Project object */ = {
			isa = PBXProject;
			attributes = {
				LastUpgradeCheck = 0820;
				ORGANIZATIONNAME = "牛严";
				TargetAttributes = {
					4AE1DBBC1E8520CF005A9C85 = {
						CreatedOnToolsVersion = 8.2.1;
						ProvisioningStyle = Automatic;
					};
				};
			};
			buildConfigurationList = 4AE1DBB81E8520CF005A9C85 /* Build configuration list for PBXProject "Sort" */;
			compatibilityVersion = "Xcode 3.2";
			developmentRegion = English;
			hasScannedForEncodings = 0;
			knownRegions = (
				en,
			);
			mainGroup = 4AE1DBB41E8520CF005A9C85;
			productRefGroup = 4AE1DBBE1E8520CF005A9C85 /* Products */;
			projectDirPath = "";
			projectRoot = "";
			targets = (
				4AE1DBBC1E8520CF005A9C85 /* Sort */,
			);
		};
/* End PBXProject section */

/* Begin PBXSourcesBuildPhase section */
		4AE1DBB91E8520CF005A9C85 /* Sources */ = {
			isa = PBXSourcesBuildPhase;
			buildActionMask = 2147483647;
			files = (
				4A1DF4931E8559FD00961D51 /* BubbleSort.cpp in Sources */,
				4A1DF4951E855BBD00961D51 /* QuickSort.cpp in Sources */,
				4A1DF4971E855FC300961D51 /* SelectSort.cpp in Sources */,
				4A1DF4991E85EFDE00961D51 /* HeapSort.cpp in Sources */,
				4A1DF48F1E8527DB00961D51 /* BinaryInsertSort.cpp in Sources */,
				4AE1DBC81E8520DF005A9C85 /* InsertSort.cpp in Sources */,
				4A1DF4911E85354E00961D51 /* ShellSort.cpp in Sources */,
				4A134E5C1E8A7DF300AC189A /* Practice.cpp in Sources */,
				4A1DF49B1E85FF5000961D51 /* MergeSort.cpp in Sources */,
				4AE1DBC11E8520CF005A9C85 /* main.cpp in Sources */,
			);
			runOnlyForDeploymentPostprocessing = 0;
		};
/* End PBXSourcesBuildPhase section */

/* Begin XCBuildConfiguration section */
		4AE1DBC21E8520CF005A9C85 /* Debug */ = {
			isa = XCBuildConfiguration;
			buildSettings = {
				ALWAYS_SEARCH_USER_PATHS = NO;
				CLANG_ANALYZER_NONNULL = YES;
				CLANG_CXX_LANGUAGE_STANDARD = "gnu++0x";
				CLANG_CXX_LIBRARY = "libc++";
				CLANG_ENABLE_MODULES = YES;
				CLANG_ENABLE_OBJC_ARC = YES;
				CLANG_WARN_BOOL_CONVERSION = YES;
				CLANG_WARN_CONSTANT_CONVERSION = YES;
				CLANG_WARN_DIRECT_OBJC_ISA_USAGE = YES_ERROR;
				CLANG_WARN_DOCUMENTATION_COMMENTS = YES;
				CLANG_WARN_EMPTY_BODY = YES;
				CLANG_WARN_ENUM_CONVERSION = YES;
				CLANG_WARN_INFINITE_RECURSION = YES;
				CLANG_WARN_INT_CONVERSION = YES;
				CLANG_WARN_OBJC_ROOT_CLASS = YES_ERROR;
				CLANG_WARN_SUSPICIOUS_MOVE = YES;
				CLANG_WARN_UNREACHABLE_CODE = YES;
				CLANG_WARN__DUPLICATE_METHOD_MATCH = YES;
				CODE_SIGN_IDENTITY = "-";
				COPY_PHASE_STRIP = NO;
				DEBUG_INFORMATION_FORMAT = dwarf;
				ENABLE_STRICT_OBJC_MSGSEND = YES;
				ENABLE_TESTABILITY = YES;
				GCC_C_LANGUAGE_STANDARD = gnu99;
				GCC_DYNAMIC_NO_PIC = NO;
				GCC_NO_COMMON_BLOCKS = YES;
				GCC_OPTIMIZATION_LEVEL = 0;
				GCC_PREPROCESSOR_DEFINITIONS = (
					"DEBUG=1",
					"$(inherited)",
				);
				GCC_WARN_64_TO_32_BIT_CONVERSION = YES;
				GCC_WARN_ABOUT_RETURN_TYPE = YES_ERROR;
				GCC_WARN_UNDECLARED_SELECTOR = YES;
				GCC_WARN_UNINITIALIZED_AUTOS = YES_AGGRESSIVE;
				GCC_WARN_UNUSED_FUNCTION = YES;
				GCC_WARN_UNUSED_VARIABLE = YES;
				MACOSX_DEPLOYMENT_TARGET = 10.12;
				MTL_ENABLE_DEBUG_INFO = YES;
				ONLY_ACTIVE_ARCH = YES;
				SDKROOT = macosx;
			};
			name = Debug;
		};
		4AE1DBC31E8520CF005A9C85 /* Release */ = {
			isa = XCBuildConfiguration;
			buildSettings = {
				ALWAYS_SEARCH_USER_PATHS = NO;
				CLANG_ANALYZER_NONNULL = YES;
				CLANG_CXX_LANGUAGE_STANDARD = "gnu++0x";
				CLANG_CXX_LIBRARY = "libc++";
				CLANG_ENABLE_MODULES = YES;
				CLANG_ENABLE_OBJC_ARC = YES;
				CLANG_WARN_BOOL_CONVERSION = YES;
				CLANG_WARN_CONSTANT_CONVERSION = YES;
				CLANG_WARN_DIRECT_OBJC_ISA_USAGE = YES_ERROR;
				CLANG_WARN_DOCUMENTATION_COMMENTS = YES;
				CLANG_WARN_EMPTY_BODY = YES;
				CLANG_WARN_ENUM_CONVERSION = YES;
				CLANG_WARN_INFINITE_RECURSION = YES;
				CLANG_WARN_INT_CONVERSION = YES;
				CLANG_WARN_OBJC_ROOT_CLASS = YES_ERROR;
				CLANG_WARN_SUSPICIOUS_MOVE = YES;
				CLANG_WARN_UNREACHABLE_CODE = YES;
				CLANG_WARN__DUPLICATE_METHOD_MATCH = YES;
				CODE_SIGN_IDENTITY = "-";
				COPY_PHASE_STRIP = NO;
				DEBUG_INFORMATION_FORMAT = "dwarf-with-dsym";
				ENABLE_NS_ASSERTIONS = NO;
				ENABLE_STRICT_OBJC_MSGSEND = YES;
				GCC_C_LANGUAGE_STANDARD = gnu99;
				GCC_NO_COMMON_BLOCKS = YES;
				GCC_WARN_64_TO_32_BIT_CONVERSION = YES;
				GCC_WARN_ABOUT_RETURN_TYPE = YES_ERROR;
				GCC_WARN_UNDECLARED_SELECTOR = YES;
				GCC_WARN_UNINITIALIZED_AUTOS = YES_AGGRESSIVE;
				GCC_WARN_UNUSED_FUNCTION = YES;
				GCC_WARN_UNUSED_VARIABLE = YES;
				MACOSX_DEPLOYMENT_TARGET = 10.12;
				MTL_ENABLE_DEBUG_INFO = NO;
				SDKROOT = macosx;
			};
			name = Release;
		};
		4AE1DBC51E8520CF005A9C85 /* Debug */ = {
			isa = XCBuildConfiguration;
			buildSettings = {
				PRODUCT_NAME = "$(TARGET_NAME)";
			};
			name = Debug;
		};
		4AE1DBC61E8520CF005A9C85 /* Release */ = {
			isa = XCBuildConfiguration;
			buildSettings = {
				PRODUCT_NAME = "$(TARGET_NAME)";
			};
			name = Release;
		};
/* End XCBuildConfiguration section */

/* Begin XCConfigurationList section */
		4AE1DBB81E8520CF005A9C85 /* Build configuration list for PBXProject "Sort" */ = {
			isa = XCConfigurationList;
			buildConfigurations = (
				4AE1DBC21E8520CF005A9C85 /* Debug */,
				4AE1DBC31E8520CF005A9C85 /* Release */,
			);
			defaultConfigurationIsVisible = 0;
			defaultConfigurationName = Release;
		};
		4AE1DBC41E8520CF005A9C85 /* Build configuration list for PBXNativeTarget "Sort" */ = {
			isa = XCConfigurationList;
			buildConfigurations = (
				4AE1DBC51E8520CF005A9C85 /* Debug */,
				4AE1DBC61E8520CF005A9C85 /* Release */,
			);
			defaultConfigurationIsVisible = 0;
			defaultConfigurationName = Release;
		};
/* End XCConfigurationList section */
	};
	rootObject = 4AE1DBB51E8520CF005A9C85 /* Project object */;
}
