// !$*UTF8*$!
{
	archiveVersion = 1;
	classes = {
	};
	objectVersion = 46;
	objects = {

/* Begin PBXBuildFile section */
		4A6F5FE01E7F6F81000F0CF5 /* Floyd.cpp in Sources */ = {isa = PBXBuildFile; fileRef = 4A6F5FDF1E7F6F81000F0CF5 /* Floyd.cpp */; };
		4A6F5FE21E7FB75B000F0CF5 /* TopoLogicalSort.cpp in Sources */ = {isa = PBXBuildFile; fileRef = 4A6F5FE11E7FB75B000F0CF5 /* TopoLogicalSort.cpp */; };
		4AA2A9761E7A35FF00A12B86 /* Example-7-2.cpp in Sources */ = {isa = PBXBuildFile; fileRef = 4AA2A9751E7A35FF00A12B86 /* Example-7-2.cpp */; };
		4AA2A97A1E7A3F0400A12B86 /* Prim.cpp in Sources */ = {isa = PBXBuildFile; fileRef = 4AA2A9791E7A3F0400A12B86 /* Prim.cpp */; };
		4AA2A97C1E7ABBAB00A12B86 /* Kruskal.cpp in Sources */ = {isa = PBXBuildFile; fileRef = 4AA2A97B1E7ABBAB00A12B86 /* Kruskal.cpp */; };
		4AA2A9801E7CDC3000A12B86 /* Dijkstra.cpp in Sources */ = {isa = PBXBuildFile; fileRef = 4AA2A97F1E7CDC3000A12B86 /* Dijkstra.cpp */; };
		4ABF45561E82C39500899D4D /* Practice-1-9.cpp in Sources */ = {isa = PBXBuildFile; fileRef = 4ABF45551E82C39500899D4D /* Practice-1-9.cpp */; };
		4ABF45581E834E0300899D4D /* Practice-2-1.cpp in Sources */ = {isa = PBXBuildFile; fileRef = 4ABF45571E834E0300899D4D /* Practice-2-1.cpp */; };
		4AC281A01E7FDCC00010EF7E /* CPM.cpp in Sources */ = {isa = PBXBuildFile; fileRef = 4AC2819F1E7FDCC00010EF7E /* CPM.cpp */; };
		4AD45E141E74E20000C19F1C /* main.cpp in Sources */ = {isa = PBXBuildFile; fileRef = 4AD45E131E74E20000C19F1C /* main.cpp */; };
		4AD45E1B1E74E21300C19F1C /* Struct.cpp in Sources */ = {isa = PBXBuildFile; fileRef = 4AD45E1A1E74E21300C19F1C /* Struct.cpp */; };
		4AD45E1D1E74EF9F00C19F1C /* DFS.cpp in Sources */ = {isa = PBXBuildFile; fileRef = 4AD45E1C1E74EF9F00C19F1C /* DFS.cpp */; };
		4AD45E1F1E756C0700C19F1C /* BFS.cpp in Sources */ = {isa = PBXBuildFile; fileRef = 4AD45E1E1E756C0700C19F1C /* BFS.cpp */; };
/* End PBXBuildFile section */

/* Begin PBXCopyFilesBuildPhase section */
		4AD45E0E1E74E20000C19F1C /* CopyFiles */ = {
			isa = PBXCopyFilesBuildPhase;
			buildActionMask = 2147483647;
			dstPath = /usr/share/man/man1/;
			dstSubfolderSpec = 0;
			files = (
			);
			runOnlyForDeploymentPostprocessing = 1;
		};
/* End PBXCopyFilesBuildPhase section */

/* Begin PBXFileReference section */
		4A6F5FDF1E7F6F81000F0CF5 /* Floyd.cpp */ = {isa = PBXFileReference; fileEncoding = 4; lastKnownFileType = sourcecode.cpp.cpp; path = Floyd.cpp; sourceTree = "<group>"; };
		4A6F5FE11E7FB75B000F0CF5 /* TopoLogicalSort.cpp */ = {isa = PBXFileReference; fileEncoding = 4; lastKnownFileType = sourcecode.cpp.cpp; path = TopoLogicalSort.cpp; sourceTree = "<group>"; };
		4AA2A9751E7A35FF00A12B86 /* Example-7-2.cpp */ = {isa = PBXFileReference; fileEncoding = 4; lastKnownFileType = sourcecode.cpp.cpp; path = "Example-7-2.cpp"; sourceTree = "<group>"; };
		4AA2A9791E7A3F0400A12B86 /* Prim.cpp */ = {isa = PBXFileReference; fileEncoding = 4; lastKnownFileType = sourcecode.cpp.cpp; path = Prim.cpp; sourceTree = "<group>"; };
		4AA2A97B1E7ABBAB00A12B86 /* Kruskal.cpp */ = {isa = PBXFileReference; fileEncoding = 4; lastKnownFileType = sourcecode.cpp.cpp; path = Kruskal.cpp; sourceTree = "<group>"; };
		4AA2A97F1E7CDC3000A12B86 /* Dijkstra.cpp */ = {isa = PBXFileReference; fileEncoding = 4; lastKnownFileType = sourcecode.cpp.cpp; path = Dijkstra.cpp; sourceTree = "<group>"; };
		4ABF45551E82C39500899D4D /* Practice-1-9.cpp */ = {isa = PBXFileReference; fileEncoding = 4; lastKnownFileType = sourcecode.cpp.cpp; path = "Practice-1-9.cpp"; sourceTree = "<group>"; };
		4ABF45571E834E0300899D4D /* Practice-2-1.cpp */ = {isa = PBXFileReference; fileEncoding = 4; lastKnownFileType = sourcecode.cpp.cpp; path = "Practice-2-1.cpp"; sourceTree = "<group>"; };
		4AC2819F1E7FDCC00010EF7E /* CPM.cpp */ = {isa = PBXFileReference; fileEncoding = 4; lastKnownFileType = sourcecode.cpp.cpp; path = CPM.cpp; sourceTree = "<group>"; };
		4AD45E101E74E20000C19F1C /* Graph */ = {isa = PBXFileReference; explicitFileType = "compiled.mach-o.executable"; includeInIndex = 0; path = Graph; sourceTree = BUILT_PRODUCTS_DIR; };
		4AD45E131E74E20000C19F1C /* main.cpp */ = {isa = PBXFileReference; lastKnownFileType = sourcecode.cpp.cpp; path = main.cpp; sourceTree = "<group>"; };
		4AD45E1A1E74E21300C19F1C /* Struct.cpp */ = {isa = PBXFileReference; fileEncoding = 4; lastKnownFileType = sourcecode.cpp.cpp; path = Struct.cpp; sourceTree = "<group>"; };
		4AD45E1C1E74EF9F00C19F1C /* DFS.cpp */ = {isa = PBXFileReference; fileEncoding = 4; lastKnownFileType = sourcecode.cpp.cpp; path = DFS.cpp; sourceTree = "<group>"; };
		4AD45E1E1E756C0700C19F1C /* BFS.cpp */ = {isa = PBXFileReference; fileEncoding = 4; lastKnownFileType = sourcecode.cpp.cpp; path = BFS.cpp; sourceTree = "<group>"; };
/* End PBXFileReference section */

/* Begin PBXFrameworksBuildPhase section */
		4AD45E0D1E74E20000C19F1C /* Frameworks */ = {
			isa = PBXFrameworksBuildPhase;
			buildActionMask = 2147483647;
			files = (
			);
			runOnlyForDeploymentPostprocessing = 0;
		};
/* End PBXFrameworksBuildPhase section */

/* Begin PBXGroup section */
		4AD45E071E74E20000C19F1C = {
			isa = PBXGroup;
			children = (
				4AD45E121E74E20000C19F1C /* Graph */,
				4AD45E111E74E20000C19F1C /* Products */,
			);
			sourceTree = "<group>";
		};
		4AD45E111E74E20000C19F1C /* Products */ = {
			isa = PBXGroup;
			children = (
				4AD45E101E74E20000C19F1C /* Graph */,
			);
			name = Products;
			sourceTree = "<group>";
		};
		4AD45E121E74E20000C19F1C /* Graph */ = {
			isa = PBXGroup;
			children = (
				4AD45E131E74E20000C19F1C /* main.cpp */,
				4AD45E1A1E74E21300C19F1C /* Struct.cpp */,
				4AD45E1C1E74EF9F00C19F1C /* DFS.cpp */,
				4AD45E1E1E756C0700C19F1C /* BFS.cpp */,
				4AA2A9751E7A35FF00A12B86 /* Example-7-2.cpp */,
				4AA2A9791E7A3F0400A12B86 /* Prim.cpp */,
				4AA2A97B1E7ABBAB00A12B86 /* Kruskal.cpp */,
				4AA2A97F1E7CDC3000A12B86 /* Dijkstra.cpp */,
				4A6F5FDF1E7F6F81000F0CF5 /* Floyd.cpp */,
				4A6F5FE11E7FB75B000F0CF5 /* TopoLogicalSort.cpp */,
				4AC2819F1E7FDCC00010EF7E /* CPM.cpp */,
				4ABF45551E82C39500899D4D /* Practice-1-9.cpp */,
				4ABF45571E834E0300899D4D /* Practice-2-1.cpp */,
			);
			path = Graph;
			sourceTree = "<group>";
		};
/* End PBXGroup section */

/* Begin PBXNativeTarget section */
		4AD45E0F1E74E20000C19F1C /* Graph */ = {
			isa = PBXNativeTarget;
			buildConfigurationList = 4AD45E171E74E20000C19F1C /* Build configuration list for PBXNativeTarget "Graph" */;
			buildPhases = (
				4AD45E0C1E74E20000C19F1C /* Sources */,
				4AD45E0D1E74E20000C19F1C /* Frameworks */,
				4AD45E0E1E74E20000C19F1C /* CopyFiles */,
			);
			buildRules = (
			);
			dependencies = (
			);
			name = Graph;
			productName = Graph;
			productReference = 4AD45E101E74E20000C19F1C /* Graph */;
			productType = "com.apple.product-type.tool";
		};
/* End PBXNativeTarget section */

/* Begin PBXProject section */
		4AD45E081E74E20000C19F1C /* Project object */ = {
			isa = PBXProject;
			attributes = {
				LastUpgradeCheck = 0800;
				ORGANIZATIONNAME = "牛严";
				TargetAttributes = {
					4AD45E0F1E74E20000C19F1C = {
						CreatedOnToolsVersion = 8.0;
						ProvisioningStyle = Automatic;
					};
				};
			};
			buildConfigurationList = 4AD45E0B1E74E20000C19F1C /* Build configuration list for PBXProject "Graph" */;
			compatibilityVersion = "Xcode 3.2";
			developmentRegion = English;
			hasScannedForEncodings = 0;
			knownRegions = (
				en,
			);
			mainGroup = 4AD45E071E74E20000C19F1C;
			productRefGroup = 4AD45E111E74E20000C19F1C /* Products */;
			projectDirPath = "";
			projectRoot = "";
			targets = (
				4AD45E0F1E74E20000C19F1C /* Graph */,
			);
		};
/* End PBXProject section */

/* Begin PBXSourcesBuildPhase section */
		4AD45E0C1E74E20000C19F1C /* Sources */ = {
			isa = PBXSourcesBuildPhase;
			buildActionMask = 2147483647;
			files = (
				4AC281A01E7FDCC00010EF7E /* CPM.cpp in Sources */,
				4ABF45561E82C39500899D4D /* Practice-1-9.cpp in Sources */,
				4AA2A9761E7A35FF00A12B86 /* Example-7-2.cpp in Sources */,
				4A6F5FE01E7F6F81000F0CF5 /* Floyd.cpp in Sources */,
				4AA2A9801E7CDC3000A12B86 /* Dijkstra.cpp in Sources */,
				4AD45E1D1E74EF9F00C19F1C /* DFS.cpp in Sources */,
				4AA2A97C1E7ABBAB00A12B86 /* Kruskal.cpp in Sources */,
				4AD45E1B1E74E21300C19F1C /* Struct.cpp in Sources */,
				4AA2A97A1E7A3F0400A12B86 /* Prim.cpp in Sources */,
				4A6F5FE21E7FB75B000F0CF5 /* TopoLogicalSort.cpp in Sources */,
				4ABF45581E834E0300899D4D /* Practice-2-1.cpp in Sources */,
				4AD45E141E74E20000C19F1C /* main.cpp in Sources */,
				4AD45E1F1E756C0700C19F1C /* BFS.cpp in Sources */,
			);
			runOnlyForDeploymentPostprocessing = 0;
		};
/* End PBXSourcesBuildPhase section */

/* Begin XCBuildConfiguration section */
		4AD45E151E74E20000C19F1C /* Debug */ = {
			isa = XCBuildConfiguration;
			buildSettings = {
				ALWAYS_SEARCH_USER_PATHS = NO;
				CLANG_ANALYZER_NONNULL = YES;
				CLANG_CXX_LANGUAGE_STANDARD = "gnu++0x";
				CLANG_CXX_LIBRARY = "libc++";
				CLANG_ENABLE_MODULES = YES;
				CLANG_ENABLE_OBJC_ARC = YES;
				CLANG_WARN_BOOL_CONVERSION = YES;
				CLANG_WARN_CONSTANT_CONVERSION = YES;
				CLANG_WARN_DIRECT_OBJC_ISA_USAGE = YES_ERROR;
				CLANG_WARN_DOCUMENTATION_COMMENTS = YES;
				CLANG_WARN_EMPTY_BODY = YES;
				CLANG_WARN_ENUM_CONVERSION = YES;
				CLANG_WARN_INFINITE_RECURSION = YES;
				CLANG_WARN_INT_CONVERSION = YES;
				CLANG_WARN_OBJC_ROOT_CLASS = YES_ERROR;
				CLANG_WARN_SUSPICIOUS_MOVES = YES;
				CLANG_WARN_UNREACHABLE_CODE = YES;
				CLANG_WARN__DUPLICATE_METHOD_MATCH = YES;
				CODE_SIGN_IDENTITY = "-";
				COPY_PHASE_STRIP = NO;
				DEBUG_INFORMATION_FORMAT = dwarf;
				ENABLE_STRICT_OBJC_MSGSEND = YES;
				ENABLE_TESTABILITY = YES;
				GCC_C_LANGUAGE_STANDARD = gnu99;
				GCC_DYNAMIC_NO_PIC = NO;
				GCC_NO_COMMON_BLOCKS = YES;
				GCC_OPTIMIZATION_LEVEL = 0;
				GCC_PREPROCESSOR_DEFINITIONS = (
					"DEBUG=1",
					"$(inherited)",
				);
				GCC_WARN_64_TO_32_BIT_CONVERSION = YES;
				GCC_WARN_ABOUT_RETURN_TYPE = YES_ERROR;
				GCC_WARN_UNDECLARED_SELECTOR = YES;
				GCC_WARN_UNINITIALIZED_AUTOS = YES_AGGRESSIVE;
				GCC_WARN_UNUSED_FUNCTION = YES;
				GCC_WARN_UNUSED_VARIABLE = YES;
				MACOSX_DEPLOYMENT_TARGET = 10.12;
				MTL_ENABLE_DEBUG_INFO = YES;
				ONLY_ACTIVE_ARCH = YES;
				SDKROOT = macosx;
			};
			name = Debug;
		};
		4AD45E161E74E20000C19F1C /* Release */ = {
			isa = XCBuildConfiguration;
			buildSettings = {
				ALWAYS_SEARCH_USER_PATHS = NO;
				CLANG_ANALYZER_NONNULL = YES;
				CLANG_CXX_LANGUAGE_STANDARD = "gnu++0x";
				CLANG_CXX_LIBRARY = "libc++";
				CLANG_ENABLE_MODULES = YES;
				CLANG_ENABLE_OBJC_ARC = YES;
				CLANG_WARN_BOOL_CONVERSION = YES;
				CLANG_WARN_CONSTANT_CONVERSION = YES;
				CLANG_WARN_DIRECT_OBJC_ISA_USAGE = YES_ERROR;
				CLANG_WARN_DOCUMENTATION_COMMENTS = YES;
				CLANG_WARN_EMPTY_BODY = YES;
				CLANG_WARN_ENUM_CONVERSION = YES;
				CLANG_WARN_INFINITE_RECURSION = YES;
				CLANG_WARN_INT_CONVERSION = YES;
				CLANG_WARN_OBJC_ROOT_CLASS = YES_ERROR;
				CLANG_WARN_SUSPICIOUS_MOVES = YES;
				CLANG_WARN_UNREACHABLE_CODE = YES;
				CLANG_WARN__DUPLICATE_METHOD_MATCH = YES;
				CODE_SIGN_IDENTITY = "-";
				COPY_PHASE_STRIP = NO;
				DEBUG_INFORMATION_FORMAT = "dwarf-with-dsym";
				ENABLE_NS_ASSERTIONS = NO;
				ENABLE_STRICT_OBJC_MSGSEND = YES;
				GCC_C_LANGUAGE_STANDARD = gnu99;
				GCC_NO_COMMON_BLOCKS = YES;
				GCC_WARN_64_TO_32_BIT_CONVERSION = YES;
				GCC_WARN_ABOUT_RETURN_TYPE = YES_ERROR;
				GCC_WARN_UNDECLARED_SELECTOR = YES;
				GCC_WARN_UNINITIALIZED_AUTOS = YES_AGGRESSIVE;
				GCC_WARN_UNUSED_FUNCTION = YES;
				GCC_WARN_UNUSED_VARIABLE = YES;
				MACOSX_DEPLOYMENT_TARGET = 10.12;
				MTL_ENABLE_DEBUG_INFO = NO;
				SDKROOT = macosx;
			};
			name = Release;
		};
		4AD45E181E74E20000C19F1C /* Debug */ = {
			isa = XCBuildConfiguration;
			buildSettings = {
				PRODUCT_NAME = "$(TARGET_NAME)";
			};
			name = Debug;
		};
		4AD45E191E74E20000C19F1C /* Release */ = {
			isa = XCBuildConfiguration;
			buildSettings = {
				PRODUCT_NAME = "$(TARGET_NAME)";
			};
			name = Release;
		};
/* End XCBuildConfiguration section */

/* Begin XCConfigurationList section */
		4AD45E0B1E74E20000C19F1C /* Build configuration list for PBXProject "Graph" */ = {
			isa = XCConfigurationList;
			buildConfigurations = (
				4AD45E151E74E20000C19F1C /* Debug */,
				4AD45E161E74E20000C19F1C /* Release */,
			);
			defaultConfigurationIsVisible = 0;
			defaultConfigurationName = Release;
		};
		4AD45E171E74E20000C19F1C /* Build configuration list for PBXNativeTarget "Graph" */ = {
			isa = XCConfigurationList;
			buildConfigurations = (
				4AD45E181E74E20000C19F1C /* Debug */,
				4AD45E191E74E20000C19F1C /* Release */,
			);
			defaultConfigurationIsVisible = 0;
			defaultConfigurationName = Release;
		};
/* End XCConfigurationList section */
	};
	rootObject = 4AD45E081E74E20000C19F1C /* Project object */;
}
